// !$*UTF8*$!
{
	archiveVersion = 1;
	classes = {
	};
	objectVersion = 56;
	objects = {

/* Begin PBXBuildFile section */
		26B07CF62C9834C40080127C /* AppDelegate.swift in Sources */ = {isa = PBXBuildFile; fileRef = 26B07CF52C9834C40080127C /* AppDelegate.swift */; };
		26B07CF82C9834C40080127C /* SceneDelegate.swift in Sources */ = {isa = PBXBuildFile; fileRef = 26B07CF72C9834C40080127C /* SceneDelegate.swift */; };
		26B07CFA2C9834C40080127C /* ViewController.swift in Sources */ = {isa = PBXBuildFile; fileRef = 26B07CF92C9834C40080127C /* ViewController.swift */; };
		26B07CFD2C9834C40080127C /* Base in Resources */ = {isa = PBXBuildFile; fileRef = 26B07CFC2C9834C40080127C /* Base */; };
		26B07CFF2C9834C60080127C /* Assets.xcassets in Resources */ = {isa = PBXBuildFile; fileRef = 26B07CFE2C9834C60080127C /* Assets.xcassets */; };
		26B07D022C9834C60080127C /* Base in Resources */ = {isa = PBXBuildFile; fileRef = 26B07D012C9834C60080127C /* Base */; };
		26B07D0D2C9834C60080127C /* BaseProjectTests.swift in Sources */ = {isa = PBXBuildFile; fileRef = 26B07D0C2C9834C60080127C /* BaseProjectTests.swift */; };
		26B07D172C9834C60080127C /* BaseProjectUITests.swift in Sources */ = {isa = PBXBuildFile; fileRef = 26B07D162C9834C60080127C /* BaseProjectUITests.swift */; };
		26B07D192C9834C60080127C /* BaseProjectUITestsLaunchTests.swift in Sources */ = {isa = PBXBuildFile; fileRef = 26B07D182C9834C60080127C /* BaseProjectUITestsLaunchTests.swift */; };
		26B07D282C98423B0080127C /* NetworkingLayer in Frameworks */ = {isa = PBXBuildFile; productRef = 26B07D272C98423B0080127C /* NetworkingLayer */; };
		26B07D322C98691A0080127C /* FeatureModule in Frameworks */ = {isa = PBXBuildFile; productRef = 26B07D312C98691A0080127C /* FeatureModule */; };
/* End PBXBuildFile section */

/* Begin PBXContainerItemProxy section */
		26B07D092C9834C60080127C /* PBXContainerItemProxy */ = {
			isa = PBXContainerItemProxy;
			containerPortal = 26B07CEA2C9834C40080127C /* Project object */;
			proxyType = 1;
			remoteGlobalIDString = 26B07CF12C9834C40080127C;
			remoteInfo = BaseProject;
		};
		26B07D132C9834C60080127C /* PBXContainerItemProxy */ = {
			isa = PBXContainerItemProxy;
			containerPortal = 26B07CEA2C9834C40080127C /* Project object */;
			proxyType = 1;
			remoteGlobalIDString = 26B07CF12C9834C40080127C;
			remoteInfo = BaseProject;
		};
/* End PBXContainerItemProxy section */

/* Begin PBXFileReference section */
		26B07CF22C9834C40080127C /* BaseProject.app */ = {isa = PBXFileReference; explicitFileType = wrapper.application; includeInIndex = 0; path = BaseProject.app; sourceTree = BUILT_PRODUCTS_DIR; };
		26B07CF52C9834C40080127C /* AppDelegate.swift */ = {isa = PBXFileReference; lastKnownFileType = sourcecode.swift; path = AppDelegate.swift; sourceTree = "<group>"; };
		26B07CF72C9834C40080127C /* SceneDelegate.swift */ = {isa = PBXFileReference; lastKnownFileType = sourcecode.swift; path = SceneDelegate.swift; sourceTree = "<group>"; };
		26B07CF92C9834C40080127C /* ViewController.swift */ = {isa = PBXFileReference; lastKnownFileType = sourcecode.swift; path = ViewController.swift; sourceTree = "<group>"; };
		26B07CFC2C9834C40080127C /* Base */ = {isa = PBXFileReference; lastKnownFileType = file.storyboard; name = Base; path = Base.lproj/Main.storyboard; sourceTree = "<group>"; };
		26B07CFE2C9834C60080127C /* Assets.xcassets */ = {isa = PBXFileReference; lastKnownFileType = folder.assetcatalog; path = Assets.xcassets; sourceTree = "<group>"; };
		26B07D012C9834C60080127C /* Base */ = {isa = PBXFileReference; lastKnownFileType = file.storyboard; name = Base; path = Base.lproj/LaunchScreen.storyboard; sourceTree = "<group>"; };
		26B07D032C9834C60080127C /* Info.plist */ = {isa = PBXFileReference; lastKnownFileType = text.plist.xml; path = Info.plist; sourceTree = "<group>"; };
		26B07D082C9834C60080127C /* BaseProjectTests.xctest */ = {isa = PBXFileReference; explicitFileType = wrapper.cfbundle; includeInIndex = 0; path = BaseProjectTests.xctest; sourceTree = BUILT_PRODUCTS_DIR; };
		26B07D0C2C9834C60080127C /* BaseProjectTests.swift */ = {isa = PBXFileReference; lastKnownFileType = sourcecode.swift; path = BaseProjectTests.swift; sourceTree = "<group>"; };
		26B07D122C9834C60080127C /* BaseProjectUITests.xctest */ = {isa = PBXFileReference; explicitFileType = wrapper.cfbundle; includeInIndex = 0; path = BaseProjectUITests.xctest; sourceTree = BUILT_PRODUCTS_DIR; };
		26B07D162C9834C60080127C /* BaseProjectUITests.swift */ = {isa = PBXFileReference; lastKnownFileType = sourcecode.swift; path = BaseProjectUITests.swift; sourceTree = "<group>"; };
		26B07D182C9834C60080127C /* BaseProjectUITestsLaunchTests.swift */ = {isa = PBXFileReference; lastKnownFileType = sourcecode.swift; path = BaseProjectUITestsLaunchTests.swift; sourceTree = "<group>"; };
/* End PBXFileReference section */

/* Begin PBXFrameworksBuildPhase section */
		26B07CEF2C9834C40080127C /* Frameworks */ = {
			isa = PBXFrameworksBuildPhase;
			buildActionMask = 2147483647;
			files = (
				26B07D282C98423B0080127C /* NetworkingLayer in Frameworks */,
				26B07D322C98691A0080127C /* FeatureModule in Frameworks */,
			);
			runOnlyForDeploymentPostprocessing = 0;
		};
		26B07D052C9834C60080127C /* Frameworks */ = {
			isa = PBXFrameworksBuildPhase;
			buildActionMask = 2147483647;
			files = (
			);
			runOnlyForDeploymentPostprocessing = 0;
		};
		26B07D0F2C9834C60080127C /* Frameworks */ = {
			isa = PBXFrameworksBuildPhase;
			buildActionMask = 2147483647;
			files = (
			);
			runOnlyForDeploymentPostprocessing = 0;
		};
/* End PBXFrameworksBuildPhase section */

/* Begin PBXGroup section */
		26B07CE92C9834C40080127C = {
			isa = PBXGroup;
			children = (
				26B07CF42C9834C40080127C /* BaseProject */,
				26B07D0B2C9834C60080127C /* BaseProjectTests */,
				26B07D152C9834C60080127C /* BaseProjectUITests */,
				26B07CF32C9834C40080127C /* Products */,
				26B07D2A2C9850F30080127C /* Frameworks */,
			);
			sourceTree = "<group>";
		};
		26B07CF32C9834C40080127C /* Products */ = {
			isa = PBXGroup;
			children = (
				26B07CF22C9834C40080127C /* BaseProject.app */,
				26B07D082C9834C60080127C /* BaseProjectTests.xctest */,
				26B07D122C9834C60080127C /* BaseProjectUITests.xctest */,
			);
			name = Products;
			sourceTree = "<group>";
		};
		26B07CF42C9834C40080127C /* BaseProject */ = {
			isa = PBXGroup;
			children = (
				26B07CF52C9834C40080127C /* AppDelegate.swift */,
				26B07CF72C9834C40080127C /* SceneDelegate.swift */,
				26B07CF92C9834C40080127C /* ViewController.swift */,
				26B07CFB2C9834C40080127C /* Main.storyboard */,
				26B07CFE2C9834C60080127C /* Assets.xcassets */,
				26B07D002C9834C60080127C /* LaunchScreen.storyboard */,
				26B07D032C9834C60080127C /* Info.plist */,
			);
			path = BaseProject;
			sourceTree = "<group>";
		};
		26B07D0B2C9834C60080127C /* BaseProjectTests */ = {
			isa = PBXGroup;
			children = (
				26B07D0C2C9834C60080127C /* BaseProjectTests.swift */,
			);
			path = BaseProjectTests;
			sourceTree = "<group>";
		};
		26B07D152C9834C60080127C /* BaseProjectUITests */ = {
			isa = PBXGroup;
			children = (
				26B07D162C9834C60080127C /* BaseProjectUITests.swift */,
				26B07D182C9834C60080127C /* BaseProjectUITestsLaunchTests.swift */,
			);
			path = BaseProjectUITests;
			sourceTree = "<group>";
		};
		26B07D2A2C9850F30080127C /* Frameworks */ = {
			isa = PBXGroup;
			children = (
			);
			name = Frameworks;
			sourceTree = "<group>";
		};
/* End PBXGroup section */

/* Begin PBXNativeTarget section */
		26B07CF12C9834C40080127C /* BaseProject */ = {
			isa = PBXNativeTarget;
			buildConfigurationList = 26B07D1C2C9834C60080127C /* Build configuration list for PBXNativeTarget "BaseProject" */;
			buildPhases = (
				26B07CEE2C9834C40080127C /* Sources */,
				26B07CEF2C9834C40080127C /* Frameworks */,
				26B07CF02C9834C40080127C /* Resources */,
			);
			buildRules = (
			);
			dependencies = (
			);
			name = BaseProject;
			packageProductDependencies = (
				26B07D272C98423B0080127C /* NetworkingLayer */,
				26B07D312C98691A0080127C /* FeatureModule */,
			);
			productName = BaseProject;
			productReference = 26B07CF22C9834C40080127C /* BaseProject.app */;
			productType = "com.apple.product-type.application";
		};
		26B07D072C9834C60080127C /* BaseProjectTests */ = {
			isa = PBXNativeTarget;
			buildConfigurationList = 26B07D1F2C9834C60080127C /* Build configuration list for PBXNativeTarget "BaseProjectTests" */;
			buildPhases = (
				26B07D042C9834C60080127C /* Sources */,
				26B07D052C9834C60080127C /* Frameworks */,
				26B07D062C9834C60080127C /* Resources */,
			);
			buildRules = (
			);
			dependencies = (
				26B07D0A2C9834C60080127C /* PBXTargetDependency */,
			);
			name = BaseProjectTests;
			productName = BaseProjectTests;
			productReference = 26B07D082C9834C60080127C /* BaseProjectTests.xctest */;
			productType = "com.apple.product-type.bundle.unit-test";
		};
		26B07D112C9834C60080127C /* BaseProjectUITests */ = {
			isa = PBXNativeTarget;
			buildConfigurationList = 26B07D222C9834C60080127C /* Build configuration list for PBXNativeTarget "BaseProjectUITests" */;
			buildPhases = (
				26B07D0E2C9834C60080127C /* Sources */,
				26B07D0F2C9834C60080127C /* Frameworks */,
				26B07D102C9834C60080127C /* Resources */,
			);
			buildRules = (
			);
			dependencies = (
				26B07D142C9834C60080127C /* PBXTargetDependency */,
			);
			name = BaseProjectUITests;
			productName = BaseProjectUITests;
			productReference = 26B07D122C9834C60080127C /* BaseProjectUITests.xctest */;
			productType = "com.apple.product-type.bundle.ui-testing";
		};
/* End PBXNativeTarget section */

/* Begin PBXProject section */
		26B07CEA2C9834C40080127C /* Project object */ = {
			isa = PBXProject;
			attributes = {
				BuildIndependentTargetsInParallel = 1;
				LastSwiftUpdateCheck = 1540;
				LastUpgradeCheck = 1540;
				TargetAttributes = {
					26B07CF12C9834C40080127C = {
						CreatedOnToolsVersion = 15.4;
					};
					26B07D072C9834C60080127C = {
						CreatedOnToolsVersion = 15.4;
						TestTargetID = 26B07CF12C9834C40080127C;
					};
					26B07D112C9834C60080127C = {
						CreatedOnToolsVersion = 15.4;
						TestTargetID = 26B07CF12C9834C40080127C;
					};
				};
			};
			buildConfigurationList = 26B07CED2C9834C40080127C /* Build configuration list for PBXProject "BaseProject" */;
			compatibilityVersion = "Xcode 14.0";
			developmentRegion = en;
			hasScannedForEncodings = 0;
			knownRegions = (
				en,
				Base,
			);
			mainGroup = 26B07CE92C9834C40080127C;
			packageReferences = (
				26B07D262C98423B0080127C /* XCRemoteSwiftPackageReference "SuperNetworkLayer" */,
				26B07D302C98691A0080127C /* XCRemoteSwiftPackageReference "FeatureModule" */,
			);
			productRefGroup = 26B07CF32C9834C40080127C /* Products */;
			projectDirPath = "";
			projectRoot = "";
			targets = (
				26B07CF12C9834C40080127C /* BaseProject */,
				26B07D072C9834C60080127C /* BaseProjectTests */,
				26B07D112C9834C60080127C /* BaseProjectUITests */,
			);
		};
/* End PBXProject section */

/* Begin PBXResourcesBuildPhase section */
		26B07CF02C9834C40080127C /* Resources */ = {
			isa = PBXResourcesBuildPhase;
			buildActionMask = 2147483647;
			files = (
				26B07CFF2C9834C60080127C /* Assets.xcassets in Resources */,
				26B07D022C9834C60080127C /* Base in Resources */,
				26B07CFD2C9834C40080127C /* Base in Resources */,
			);
			runOnlyForDeploymentPostprocessing = 0;
		};
		26B07D062C9834C60080127C /* Resources */ = {
			isa = PBXResourcesBuildPhase;
			buildActionMask = 2147483647;
			files = (
			);
			runOnlyForDeploymentPostprocessing = 0;
		};
		26B07D102C9834C60080127C /* Resources */ = {
			isa = PBXResourcesBuildPhase;
			buildActionMask = 2147483647;
			files = (
			);
			runOnlyForDeploymentPostprocessing = 0;
		};
/* End PBXResourcesBuildPhase section */

/* Begin PBXSourcesBuildPhase section */
		26B07CEE2C9834C40080127C /* Sources */ = {
			isa = PBXSourcesBuildPhase;
			buildActionMask = 2147483647;
			files = (
				26B07CFA2C9834C40080127C /* ViewController.swift in Sources */,
				26B07CF62C9834C40080127C /* AppDelegate.swift in Sources */,
				26B07CF82C9834C40080127C /* SceneDelegate.swift in Sources */,
			);
			runOnlyForDeploymentPostprocessing = 0;
		};
		26B07D042C9834C60080127C /* Sources */ = {
			isa = PBXSourcesBuildPhase;
			buildActionMask = 2147483647;
			files = (
				26B07D0D2C9834C60080127C /* BaseProjectTests.swift in Sources */,
			);
			runOnlyForDeploymentPostprocessing = 0;
		};
		26B07D0E2C9834C60080127C /* Sources */ = {
			isa = PBXSourcesBuildPhase;
			buildActionMask = 2147483647;
			files = (
				26B07D172C9834C60080127C /* BaseProjectUITests.swift in Sources */,
				26B07D192C9834C60080127C /* BaseProjectUITestsLaunchTests.swift in Sources */,
			);
			runOnlyForDeploymentPostprocessing = 0;
		};
/* End PBXSourcesBuildPhase section */

/* Begin PBXTargetDependency section */
		26B07D0A2C9834C60080127C /* PBXTargetDependency */ = {
			isa = PBXTargetDependency;
			target = 26B07CF12C9834C40080127C /* BaseProject */;
			targetProxy = 26B07D092C9834C60080127C /* PBXContainerItemProxy */;
		};
		26B07D142C9834C60080127C /* PBXTargetDependency */ = {
			isa = PBXTargetDependency;
			target = 26B07CF12C9834C40080127C /* BaseProject */;
			targetProxy = 26B07D132C9834C60080127C /* PBXContainerItemProxy */;
		};
/* End PBXTargetDependency section */

/* Begin PBXVariantGroup section */
		26B07CFB2C9834C40080127C /* Main.storyboard */ = {
			isa = PBXVariantGroup;
			children = (
				26B07CFC2C9834C40080127C /* Base */,
			);
			name = Main.storyboard;
			sourceTree = "<group>";
		};
		26B07D002C9834C60080127C /* LaunchScreen.storyboard */ = {
			isa = PBXVariantGroup;
			children = (
				26B07D012C9834C60080127C /* Base */,
			);
			name = LaunchScreen.storyboard;
			sourceTree = "<group>";
		};
/* End PBXVariantGroup section */

/* Begin XCBuildConfiguration section */
		26B07D1A2C9834C60080127C /* Debug */ = {
			isa = XCBuildConfiguration;
			buildSettings = {
				ALWAYS_SEARCH_USER_PATHS = NO;
				ASSETCATALOG_COMPILER_GENERATE_SWIFT_ASSET_SYMBOL_EXTENSIONS = YES;
				CLANG_ANALYZER_NONNULL = YES;
				CLANG_ANALYZER_NUMBER_OBJECT_CONVERSION = YES_AGGRESSIVE;
				CLANG_CXX_LANGUAGE_STANDARD = "gnu++20";
				CLANG_ENABLE_MODULES = YES;
				CLANG_ENABLE_OBJC_ARC = YES;
				CLANG_ENABLE_OBJC_WEAK = YES;
				CLANG_WARN_BLOCK_CAPTURE_AUTORELEASING = YES;
				CLANG_WARN_BOOL_CONVERSION = YES;
				CLANG_WARN_COMMA = YES;
				CLANG_WARN_CONSTANT_CONVERSION = YES;
				CLANG_WARN_DEPRECATED_OBJC_IMPLEMENTATIONS = YES;
				CLANG_WARN_DIRECT_OBJC_ISA_USAGE = YES_ERROR;
				CLANG_WARN_DOCUMENTATION_COMMENTS = YES;
				CLANG_WARN_EMPTY_BODY = YES;
				CLANG_WARN_ENUM_CONVERSION = YES;
				CLANG_WARN_INFINITE_RECURSION = YES;
				CLANG_WARN_INT_CONVERSION = YES;
				CLANG_WARN_NON_LITERAL_NULL_CONVERSION = YES;
				CLANG_WARN_OBJC_IMPLICIT_RETAIN_SELF = YES;
				CLANG_WARN_OBJC_LITERAL_CONVERSION = YES;
				CLANG_WARN_OBJC_ROOT_CLASS = YES_ERROR;
				CLANG_WARN_QUOTED_INCLUDE_IN_FRAMEWORK_HEADER = YES;
				CLANG_WARN_RANGE_LOOP_ANALYSIS = YES;
				CLANG_WARN_STRICT_PROTOTYPES = YES;
				CLANG_WARN_SUSPICIOUS_MOVE = YES;
				CLANG_WARN_UNGUARDED_AVAILABILITY = YES_AGGRESSIVE;
				CLANG_WARN_UNREACHABLE_CODE = YES;
				CLANG_WARN__DUPLICATE_METHOD_MATCH = YES;
				COPY_PHASE_STRIP = NO;
				DEBUG_INFORMATION_FORMAT = dwarf;
				ENABLE_STRICT_OBJC_MSGSEND = YES;
				ENABLE_TESTABILITY = YES;
				ENABLE_USER_SCRIPT_SANDBOXING = YES;
				GCC_C_LANGUAGE_STANDARD = gnu17;
				GCC_DYNAMIC_NO_PIC = NO;
				GCC_NO_COMMON_BLOCKS = YES;
				GCC_OPTIMIZATION_LEVEL = 0;
				GCC_PREPROCESSOR_DEFINITIONS = (
					"DEBUG=1",
					"$(inherited)",
				);
				GCC_WARN_64_TO_32_BIT_CONVERSION = YES;
				GCC_WARN_ABOUT_RETURN_TYPE = YES_ERROR;
				GCC_WARN_UNDECLARED_SELECTOR = YES;
				GCC_WARN_UNINITIALIZED_AUTOS = YES_AGGRESSIVE;
				GCC_WARN_UNUSED_FUNCTION = YES;
				GCC_WARN_UNUSED_VARIABLE = YES;
				IPHONEOS_DEPLOYMENT_TARGET = 14.0;
				LOCALIZATION_PREFERS_STRING_CATALOGS = YES;
				MTL_ENABLE_DEBUG_INFO = INCLUDE_SOURCE;
				MTL_FAST_MATH = YES;
				ONLY_ACTIVE_ARCH = YES;
				SDKROOT = iphoneos;
				SWIFT_ACTIVE_COMPILATION_CONDITIONS = "DEBUG $(inherited)";
				SWIFT_OPTIMIZATION_LEVEL = "-Onone";
			};
			name = Debug;
		};
		26B07D1B2C9834C60080127C /* Release */ = {
			isa = XCBuildConfiguration;
			buildSettings = {
				ALWAYS_SEARCH_USER_PATHS = NO;
				ASSETCATALOG_COMPILER_GENERATE_SWIFT_ASSET_SYMBOL_EXTENSIONS = YES;
				CLANG_ANALYZER_NONNULL = YES;
				CLANG_ANALYZER_NUMBER_OBJECT_CONVERSION = YES_AGGRESSIVE;
				CLANG_CXX_LANGUAGE_STANDARD = "gnu++20";
				CLANG_ENABLE_MODULES = YES;
				CLANG_ENABLE_OBJC_ARC = YES;
				CLANG_ENABLE_OBJC_WEAK = YES;
				CLANG_WARN_BLOCK_CAPTURE_AUTORELEASING = YES;
				CLANG_WARN_BOOL_CONVERSION = YES;
				CLANG_WARN_COMMA = YES;
				CLANG_WARN_CONSTANT_CONVERSION = YES;
				CLANG_WARN_DEPRECATED_OBJC_IMPLEMENTATIONS = YES;
				CLANG_WARN_DIRECT_OBJC_ISA_USAGE = YES_ERROR;
				CLANG_WARN_DOCUMENTATION_COMMENTS = YES;
				CLANG_WARN_EMPTY_BODY = YES;
				CLANG_WARN_ENUM_CONVERSION = YES;
				CLANG_WARN_INFINITE_RECURSION = YES;
				CLANG_WARN_INT_CONVERSION = YES;
				CLANG_WARN_NON_LITERAL_NULL_CONVERSION = YES;
				CLANG_WARN_OBJC_IMPLICIT_RETAIN_SELF = YES;
				CLANG_WARN_OBJC_LITERAL_CONVERSION = YES;
				CLANG_WARN_OBJC_ROOT_CLASS = YES_ERROR;
				CLANG_WARN_QUOTED_INCLUDE_IN_FRAMEWORK_HEADER = YES;
				CLANG_WARN_RANGE_LOOP_ANALYSIS = YES;
				CLANG_WARN_STRICT_PROTOTYPES = YES;
				CLANG_WARN_SUSPICIOUS_MOVE = YES;
				CLANG_WARN_UNGUARDED_AVAILABILITY = YES_AGGRESSIVE;
				CLANG_WARN_UNREACHABLE_CODE = YES;
				CLANG_WARN__DUPLICATE_METHOD_MATCH = YES;
				COPY_PHASE_STRIP = NO;
				DEBUG_INFORMATION_FORMAT = "dwarf-with-dsym";
				ENABLE_NS_ASSERTIONS = NO;
				ENABLE_STRICT_OBJC_MSGSEND = YES;
				ENABLE_USER_SCRIPT_SANDBOXING = YES;
				GCC_C_LANGUAGE_STANDARD = gnu17;
				GCC_NO_COMMON_BLOCKS = YES;
				GCC_WARN_64_TO_32_BIT_CONVERSION = YES;
				GCC_WARN_ABOUT_RETURN_TYPE = YES_ERROR;
				GCC_WARN_UNDECLARED_SELECTOR = YES;
				GCC_WARN_UNINITIALIZED_AUTOS = YES_AGGRESSIVE;
				GCC_WARN_UNUSED_FUNCTION = YES;
				GCC_WARN_UNUSED_VARIABLE = YES;
				IPHONEOS_DEPLOYMENT_TARGET = 14.0;
				LOCALIZATION_PREFERS_STRING_CATALOGS = YES;
				MTL_ENABLE_DEBUG_INFO = NO;
				MTL_FAST_MATH = YES;
				SDKROOT = iphoneos;
				SWIFT_COMPILATION_MODE = wholemodule;
				VALIDATE_PRODUCT = YES;
			};
			name = Release;
		};
		26B07D1D2C9834C60080127C /* Debug */ = {
			isa = XCBuildConfiguration;
			buildSettings = {
				ASSETCATALOG_COMPILER_APPICON_NAME = AppIcon;
				ASSETCATALOG_COMPILER_GLOBAL_ACCENT_COLOR_NAME = AccentColor;
				CODE_SIGN_IDENTITY = "Apple Development";
				CODE_SIGN_STYLE = Manual;
				CURRENT_PROJECT_VERSION = 1;
				DEVELOPMENT_TEAM = "";
				GENERATE_INFOPLIST_FILE = YES;
				INFOPLIST_FILE = BaseProject/Info.plist;
				INFOPLIST_KEY_UIApplicationSupportsIndirectInputEvents = YES;
				INFOPLIST_KEY_UILaunchStoryboardName = LaunchScreen;
				INFOPLIST_KEY_UIMainStoryboardFile = Main;
				INFOPLIST_KEY_UISupportedInterfaceOrientations_iPad = "UIInterfaceOrientationPortrait UIInterfaceOrientationPortraitUpsideDown UIInterfaceOrientationLandscapeLeft UIInterfaceOrientationLandscapeRight";
				INFOPLIST_KEY_UISupportedInterfaceOrientations_iPhone = "UIInterfaceOrientationPortrait UIInterfaceOrientationLandscapeLeft UIInterfaceOrientationLandscapeRight";
				IPHONEOS_DEPLOYMENT_TARGET = 14.0;
				LD_RUNPATH_SEARCH_PATHS = (
					"$(inherited)",
					"@executable_path/Frameworks",
				);
				MARKETING_VERSION = 1.0;
				PRODUCT_BUNDLE_IDENTIFIER = com.Hanan.BaseProject;
				PRODUCT_NAME = "$(TARGET_NAME)";
				PROVISIONING_PROFILE_SPECIFIER = "";
				SWIFT_EMIT_LOC_STRINGS = YES;
				SWIFT_VERSION = 5.0;
				TARGETED_DEVICE_FAMILY = "1,2";
			};
			name = Debug;
		};
		26B07D1E2C9834C60080127C /* Release */ = {
			isa = XCBuildConfiguration;
			buildSettings = {
				ASSETCATALOG_COMPILER_APPICON_NAME = AppIcon;
				ASSETCATALOG_COMPILER_GLOBAL_ACCENT_COLOR_NAME = AccentColor;
				CODE_SIGN_IDENTITY = "Apple Development";
				CODE_SIGN_STYLE = Manual;
				CURRENT_PROJECT_VERSION = 1;
				DEVELOPMENT_TEAM = "";
				GENERATE_INFOPLIST_FILE = YES;
				INFOPLIST_FILE = BaseProject/Info.plist;
				INFOPLIST_KEY_UIApplicationSupportsIndirectInputEvents = YES;
				INFOPLIST_KEY_UILaunchStoryboardName = LaunchScreen;
				INFOPLIST_KEY_UIMainStoryboardFile = Main;
				INFOPLIST_KEY_UISupportedInterfaceOrientations_iPad = "UIInterfaceOrientationPortrait UIInterfaceOrientationPortraitUpsideDown UIInterfaceOrientationLandscapeLeft UIInterfaceOrientationLandscapeRight";
				INFOPLIST_KEY_UISupportedInterfaceOrientations_iPhone = "UIInterfaceOrientationPortrait UIInterfaceOrientationLandscapeLeft UIInterfaceOrientationLandscapeRight";
				IPHONEOS_DEPLOYMENT_TARGET = 14.0;
				LD_RUNPATH_SEARCH_PATHS = (
					"$(inherited)",
					"@executable_path/Frameworks",
				);
				MARKETING_VERSION = 1.0;
				PRODUCT_BUNDLE_IDENTIFIER = com.Hanan.BaseProject;
				PRODUCT_NAME = "$(TARGET_NAME)";
				PROVISIONING_PROFILE_SPECIFIER = "";
				SWIFT_EMIT_LOC_STRINGS = YES;
				SWIFT_VERSION = 5.0;
				TARGETED_DEVICE_FAMILY = "1,2";
			};
			name = Release;
		};
		26B07D202C9834C60080127C /* Debug */ = {
			isa = XCBuildConfiguration;
			buildSettings = {
				ALWAYS_EMBED_SWIFT_STANDARD_LIBRARIES = YES;
				BUNDLE_LOADER = "$(TEST_HOST)";
				CODE_SIGN_STYLE = Manual;
				CURRENT_PROJECT_VERSION = 1;
				DEVELOPMENT_TEAM = "";
				GENERATE_INFOPLIST_FILE = YES;
				IPHONEOS_DEPLOYMENT_TARGET = 17.5;
				MARKETING_VERSION = 1.0;
				PRODUCT_BUNDLE_IDENTIFIER = com.Hanan.BaseProjectTests;
				PRODUCT_NAME = "$(TARGET_NAME)";
				PROVISIONING_PROFILE_SPECIFIER = "";
				SWIFT_EMIT_LOC_STRINGS = NO;
				SWIFT_VERSION = 5.0;
				TARGETED_DEVICE_FAMILY = "1,2";
				TEST_HOST = "$(BUILT_PRODUCTS_DIR)/BaseProject.app/$(BUNDLE_EXECUTABLE_FOLDER_PATH)/BaseProject";
			};
			name = Debug;
		};
		26B07D212C9834C60080127C /* Release */ = {
			isa = XCBuildConfiguration;
			buildSettings = {
				ALWAYS_EMBED_SWIFT_STANDARD_LIBRARIES = YES;
				BUNDLE_LOADER = "$(TEST_HOST)";
				CODE_SIGN_STYLE = Manual;
				CURRENT_PROJECT_VERSION = 1;
				DEVELOPMENT_TEAM = "";
				GENERATE_INFOPLIST_FILE = YES;
				IPHONEOS_DEPLOYMENT_TARGET = 17.5;
				MARKETING_VERSION = 1.0;
				PRODUCT_BUNDLE_IDENTIFIER = com.Hanan.BaseProjectTests;
				PRODUCT_NAME = "$(TARGET_NAME)";
				PROVISIONING_PROFILE_SPECIFIER = "";
				SWIFT_EMIT_LOC_STRINGS = NO;
				SWIFT_VERSION = 5.0;
				TARGETED_DEVICE_FAMILY = "1,2";
				TEST_HOST = "$(BUILT_PRODUCTS_DIR)/BaseProject.app/$(BUNDLE_EXECUTABLE_FOLDER_PATH)/BaseProject";
			};
			name = Release;
		};
		26B07D232C9834C60080127C /* Debug */ = {
			isa = XCBuildConfiguration;
			buildSettings = {
				ALWAYS_EMBED_SWIFT_STANDARD_LIBRARIES = YES;
				CODE_SIGN_STYLE = Automatic;
				CURRENT_PROJECT_VERSION = 1;
				GENERATE_INFOPLIST_FILE = YES;
				MARKETING_VERSION = 1.0;
				PRODUCT_BUNDLE_IDENTIFIER = com.Hanan.BaseProjectUITests;
				PRODUCT_NAME = "$(TARGET_NAME)";
				SWIFT_EMIT_LOC_STRINGS = NO;
				SWIFT_VERSION = 5.0;
				TARGETED_DEVICE_FAMILY = "1,2";
				TEST_TARGET_NAME = BaseProject;
			};
			name = Debug;
		};
		26B07D242C9834C60080127C /* Release */ = {
			isa = XCBuildConfiguration;
			buildSettings = {
				ALWAYS_EMBED_SWIFT_STANDARD_LIBRARIES = YES;
				CODE_SIGN_STYLE = Automatic;
				CURRENT_PROJECT_VERSION = 1;
				GENERATE_INFOPLIST_FILE = YES;
				MARKETING_VERSION = 1.0;
				PRODUCT_BUNDLE_IDENTIFIER = com.Hanan.BaseProjectUITests;
				PRODUCT_NAME = "$(TARGET_NAME)";
				SWIFT_EMIT_LOC_STRINGS = NO;
				SWIFT_VERSION = 5.0;
				TARGETED_DEVICE_FAMILY = "1,2";
				TEST_TARGET_NAME = BaseProject;
			};
			name = Release;
		};
/* End XCBuildConfiguration section */

/* Begin XCConfigurationList section */
		26B07CED2C9834C40080127C /* Build configuration list for PBXProject "BaseProject" */ = {
			isa = XCConfigurationList;
			buildConfigurations = (
				26B07D1A2C9834C60080127C /* Debug */,
				26B07D1B2C9834C60080127C /* Release */,
			);
			defaultConfigurationIsVisible = 0;
			defaultConfigurationName = Release;
		};
		26B07D1C2C9834C60080127C /* Build configuration list for PBXNativeTarget "BaseProject" */ = {
			isa = XCConfigurationList;
			buildConfigurations = (
				26B07D1D2C9834C60080127C /* Debug */,
				26B07D1E2C9834C60080127C /* Release */,
			);
			defaultConfigurationIsVisible = 0;
			defaultConfigurationName = Release;
		};
		26B07D1F2C9834C60080127C /* Build configuration list for PBXNativeTarget "BaseProjectTests" */ = {
			isa = XCConfigurationList;
			buildConfigurations = (
				26B07D202C9834C60080127C /* Debug */,
				26B07D212C9834C60080127C /* Release */,
			);
			defaultConfigurationIsVisible = 0;
			defaultConfigurationName = Release;
		};
		26B07D222C9834C60080127C /* Build configuration list for PBXNativeTarget "BaseProjectUITests" */ = {
			isa = XCConfigurationList;
			buildConfigurations = (
				26B07D232C9834C60080127C /* Debug */,
				26B07D242C9834C60080127C /* Release */,
			);
			defaultConfigurationIsVisible = 0;
			defaultConfigurationName = Release;
		};
/* End XCConfigurationList section */

/* Begin XCRemoteSwiftPackageReference section */
		26B07D262C98423B0080127C /* XCRemoteSwiftPackageReference "SuperNetworkLayer" */ = {
			isa = XCRemoteSwiftPackageReference;
			repositoryURL = "https://github.com/hananahmad/SuperNetworkLayer.git";
			requirement = {
				branch = main;
				kind = branch;
			};
		};
		26B07D302C98691A0080127C /* XCRemoteSwiftPackageReference "FeatureModule" */ = {
			isa = XCRemoteSwiftPackageReference;
			repositoryURL = "https://github.com/hananahmad/FeatureModule.git";
			requirement = {
				branch = main;
				kind = branch;
			};
		};
/* End XCRemoteSwiftPackageReference section */

/* Begin XCSwiftPackageProductDependency section */
		26B07D272C98423B0080127C /* NetworkingLayer */ = {
			isa = XCSwiftPackageProductDependency;
			package = 26B07D262C98423B0080127C /* XCRemoteSwiftPackageReference "SuperNetworkLayer" */;
			productName = NetworkingLayer;
		};
		26B07D312C98691A0080127C /* FeatureModule */ = {
			isa = XCSwiftPackageProductDependency;
			package = 26B07D302C98691A0080127C /* XCRemoteSwiftPackageReference "FeatureModule" */;
			productName = FeatureModule;
		};
/* End XCSwiftPackageProductDependency section */
	};
	rootObject = 26B07CEA2C9834C40080127C /* Project object */;
}
